
Microsoft Visual Studio Solution File, Format Version 12.00
# Visual Studio Version 16
VisualStudioVersion = 16.0.31410.357
MinimumVisualStudioVersion = 10.0.40219.1
Project("{FAE04EC0-301F-11D3-BF4B-00C04F79EFBC}") = "Ejercicio46", "Ejercicio46\Ejercicio46.csproj", "{2936D0EE-17E0-42EF-A8DD-09B8A921C535}"
EndProject
Global
	GlobalSection(SolutionConfigurationPlatforms) = preSolution
		Debug|Any CPU = Debug|Any CPU
		Release|Any CPU = Release|Any CPU
	EndGlobalSection
	GlobalSection(ProjectConfigurationPlatforms) = postSolution
		{2936D0EE-17E0-42EF-A8DD-09B8A921C535}.Debug|Any CPU.ActiveCfg = Debug|Any CPU
		{2936D0EE-17E0-42EF-A8DD-09B8A921C535}.Debug|Any CPU.Build.0 = Debug|Any CPU
		{2936D0EE-17E0-42EF-A8DD-09B8A921C535}.Release|Any CPU.ActiveCfg = Release|Any CPU
		{2936D0EE-17E0-42EF-A8DD-09B8A921C535}.Release|Any CPU.Build.0 = Release|Any CPU
	EndGlobalSection
	GlobalSection(SolutionProperties) = preSolution
		HideSolutionNode = FALSE
	EndGlobalSection
	GlobalSection(ExtensibilityGlobals) = postSolution
		SolutionGuid = {0B75A32B-943E-4D48-9DA9-692316417E02}
	EndGlobalSection
EndGlobal
